
Microsoft Visual Studio Solution File, Format Version 12.00
# Visual Studio Version 16
VisualStudioVersion = 16.0.30621.155
MinimumVisualStudioVersion = 10.0.40219.1
Project("{9A19103F-16F7-4668-BE54-9A1E7A4F7556}") = "MealManagementSoftwareUiLayer", "MealManagementSoftwareUI\MealManagementSoftwareUiLayer.csproj", "{A302C79C-2F0E-475E-8CAD-39BDAA6B17D4}"
EndProject
Project("{9A19103F-16F7-4668-BE54-9A1E7A4F7556}") = "MealManagementSoftwareBusinessLayer", "MealManagementSoftwareBusinessLayer\MealManagementSoftwareBusinessLayer.csproj", "{899E4113-2989-45E8-92D7-AF7D79C49846}"
EndProject
Project("{9A19103F-16F7-4668-BE54-9A1E7A4F7556}") = "MealManagementSoftwareDataLayer", "MealManagementSoftwareDataLayer\MealManagementSoftwareDataLayer.csproj", "{2C0A3115-EA56-43B6-AE95-DAD64509E1DB}"
EndProject
Global
	GlobalSection(SolutionConfigurationPlatforms) = preSolution
		Debug|Any CPU = Debug|Any CPU
		Release|Any CPU = Release|Any CPU
	EndGlobalSection
	GlobalSection(ProjectConfigurationPlatforms) = postSolution
		{A302C79C-2F0E-475E-8CAD-39BDAA6B17D4}.Debug|Any CPU.ActiveCfg = Debug|Any CPU
		{A302C79C-2F0E-475E-8CAD-39BDAA6B17D4}.Debug|Any CPU.Build.0 = Debug|Any CPU
		{A302C79C-2F0E-475E-8CAD-39BDAA6B17D4}.Release|Any CPU.ActiveCfg = Release|Any CPU
		{A302C79C-2F0E-475E-8CAD-39BDAA6B17D4}.Release|Any CPU.Build.0 = Release|Any CPU
		{899E4113-2989-45E8-92D7-AF7D79C49846}.Debug|Any CPU.ActiveCfg = Debug|Any CPU
		{899E4113-2989-45E8-92D7-AF7D79C49846}.Debug|Any CPU.Build.0 = Debug|Any CPU
		{899E4113-2989-45E8-92D7-AF7D79C49846}.Release|Any CPU.ActiveCfg = Release|Any CPU
		{899E4113-2989-45E8-92D7-AF7D79C49846}.Release|Any CPU.Build.0 = Release|Any CPU
		{2C0A3115-EA56-43B6-AE95-DAD64509E1DB}.Debug|Any CPU.ActiveCfg = Debug|Any CPU
		{2C0A3115-EA56-43B6-AE95-DAD64509E1DB}.Debug|Any CPU.Build.0 = Debug|Any CPU
		{2C0A3115-EA56-43B6-AE95-DAD64509E1DB}.Release|Any CPU.ActiveCfg = Release|Any CPU
		{2C0A3115-EA56-43B6-AE95-DAD64509E1DB}.Release|Any CPU.Build.0 = Release|Any CPU
	EndGlobalSection
	GlobalSection(SolutionProperties) = preSolution
		HideSolutionNode = FALSE
	EndGlobalSection
	GlobalSection(ExtensibilityGlobals) = postSolution
		SolutionGuid = {AD3AB62C-7160-420B-A6E1-DA99A9D6E5D9}
	EndGlobalSection
EndGlobal
